
Microsoft Visual Studio Solution File, Format Version 12.00
# Visual Studio 15
VisualStudioVersion = 15.0.28010.2036
MinimumVisualStudioVersion = 10.0.40219.1
Project("{FAE04EC0-301F-11D3-BF4B-00C04F79EFBC}") = "CrudProdutos", "CrudProdutos\CrudProdutos.csproj", "{7E12DF69-EB50-426E-9612-FFB9A6BFB4AD}"
EndProject
Project("{9A19103F-16F7-4668-BE54-9A1E7A4F7556}") = "CrudProdutos.Entidades", "CrudProdutos.Entidades\CrudProdutos.Entidades.csproj", "{8B7D75D3-7F08-4DAD-8483-4714A190B38E}"
EndProject
Project("{FAE04EC0-301F-11D3-BF4B-00C04F79EFBC}") = "CrudProdutos.Data", "CrudProdutos.Data\CrudProdutos.Data.csproj", "{454A2065-141F-412F-813B-C94C20DDED94}"
EndProject
Project("{FAE04EC0-301F-11D3-BF4B-00C04F79EFBC}") = "CrudProdutos.WebAPI", "CrudProdutos.WebAPI\CrudProdutos.WebAPI.csproj", "{D5023F88-2944-473E-B183-D742D2F75270}"
EndProject
Global
	GlobalSection(SolutionConfigurationPlatforms) = preSolution
		Debug|Any CPU = Debug|Any CPU
		Release|Any CPU = Release|Any CPU
	EndGlobalSection
	GlobalSection(ProjectConfigurationPlatforms) = postSolution
		{7E12DF69-EB50-426E-9612-FFB9A6BFB4AD}.Debug|Any CPU.ActiveCfg = Debug|Any CPU
		{7E12DF69-EB50-426E-9612-FFB9A6BFB4AD}.Debug|Any CPU.Build.0 = Debug|Any CPU
		{7E12DF69-EB50-426E-9612-FFB9A6BFB4AD}.Release|Any CPU.ActiveCfg = Release|Any CPU
		{7E12DF69-EB50-426E-9612-FFB9A6BFB4AD}.Release|Any CPU.Build.0 = Release|Any CPU
		{8B7D75D3-7F08-4DAD-8483-4714A190B38E}.Debug|Any CPU.ActiveCfg = Debug|Any CPU
		{8B7D75D3-7F08-4DAD-8483-4714A190B38E}.Debug|Any CPU.Build.0 = Debug|Any CPU
		{8B7D75D3-7F08-4DAD-8483-4714A190B38E}.Release|Any CPU.ActiveCfg = Release|Any CPU
		{8B7D75D3-7F08-4DAD-8483-4714A190B38E}.Release|Any CPU.Build.0 = Release|Any CPU
		{454A2065-141F-412F-813B-C94C20DDED94}.Debug|Any CPU.ActiveCfg = Debug|Any CPU
		{454A2065-141F-412F-813B-C94C20DDED94}.Debug|Any CPU.Build.0 = Debug|Any CPU
		{454A2065-141F-412F-813B-C94C20DDED94}.Release|Any CPU.ActiveCfg = Release|Any CPU
		{454A2065-141F-412F-813B-C94C20DDED94}.Release|Any CPU.Build.0 = Release|Any CPU
		{D5023F88-2944-473E-B183-D742D2F75270}.Debug|Any CPU.ActiveCfg = Debug|Any CPU
		{D5023F88-2944-473E-B183-D742D2F75270}.Debug|Any CPU.Build.0 = Debug|Any CPU
		{D5023F88-2944-473E-B183-D742D2F75270}.Release|Any CPU.ActiveCfg = Release|Any CPU
		{D5023F88-2944-473E-B183-D742D2F75270}.Release|Any CPU.Build.0 = Release|Any CPU
	EndGlobalSection
	GlobalSection(SolutionProperties) = preSolution
		HideSolutionNode = FALSE
	EndGlobalSection
	GlobalSection(ExtensibilityGlobals) = postSolution
		SolutionGuid = {974DFCF0-3667-41EB-91F2-F4BD94B97B86}
	EndGlobalSection
EndGlobal
